
Microsoft Visual Studio Solution File, Format Version 12.00
# Visual Studio Version 17
VisualStudioVersion = 17.13.35825.156 d17.13
MinimumVisualStudioVersion = 10.0.40219.1
Project("{FAE04EC0-301F-11D3-BF4B-00C04F79EFBC}") = "array1", "array1.csproj", "{8F74DC33-5100-4D99-B111-317AB51E13B1}"
EndProject
Global
	GlobalSection(SolutionConfigurationPlatforms) = preSolution
		Debug|Any CPU = Debug|Any CPU
		Release|Any CPU = Release|Any CPU
	EndGlobalSection
	GlobalSection(ProjectConfigurationPlatforms) = postSolution
		{8F74DC33-5100-4D99-B111-317AB51E13B1}.Debug|Any CPU.ActiveCfg = Debug|Any CPU
		{8F74DC33-5100-4D99-B111-317AB51E13B1}.Debug|Any CPU.Build.0 = Debug|Any CPU
		{8F74DC33-5100-4D99-B111-317AB51E13B1}.Release|Any CPU.ActiveCfg = Release|Any CPU
		{8F74DC33-5100-4D99-B111-317AB51E13B1}.Release|Any CPU.Build.0 = Release|Any CPU
	EndGlobalSection
	GlobalSection(SolutionProperties) = preSolution
		HideSolutionNode = FALSE
	EndGlobalSection
	GlobalSection(ExtensibilityGlobals) = postSolution
		SolutionGuid = {D2A44F45-8302-47AA-B7B5-95ED193E859E}
	EndGlobalSection
EndGlobal
