
Microsoft Visual Studio Solution File, Format Version 12.00
# Visual Studio Version 17
VisualStudioVersion = 17.13.35828.75 d17.13
MinimumVisualStudioVersion = 10.0.40219.1
Project("{FAE04EC0-301F-11D3-BF4B-00C04F79EFBC}") = "3_class", "3_class.csproj", "{DDE42E9A-9C11-481D-8232-ACF93C21B207}"
EndProject
Global
	GlobalSection(SolutionConfigurationPlatforms) = preSolution
		Debug|Any CPU = Debug|Any CPU
		Release|Any CPU = Release|Any CPU
	EndGlobalSection
	GlobalSection(ProjectConfigurationPlatforms) = postSolution
		{DDE42E9A-9C11-481D-8232-ACF93C21B207}.Debug|Any CPU.ActiveCfg = Debug|Any CPU
		{DDE42E9A-9C11-481D-8232-ACF93C21B207}.Debug|Any CPU.Build.0 = Debug|Any CPU
		{DDE42E9A-9C11-481D-8232-ACF93C21B207}.Release|Any CPU.ActiveCfg = Release|Any CPU
		{DDE42E9A-9C11-481D-8232-ACF93C21B207}.Release|Any CPU.Build.0 = Release|Any CPU
	EndGlobalSection
	GlobalSection(SolutionProperties) = preSolution
		HideSolutionNode = FALSE
	EndGlobalSection
	GlobalSection(ExtensibilityGlobals) = postSolution
		SolutionGuid = {8D671232-DFD4-4D97-BF1A-EC9B1E4775AD}
	EndGlobalSection
EndGlobal
