
Microsoft Visual Studio Solution File, Format Version 12.00
# Visual Studio Version 17
VisualStudioVersion = 17.13.35825.156 d17.13
MinimumVisualStudioVersion = 10.0.40219.1
Project("{FAE04EC0-301F-11D3-BF4B-00C04F79EFBC}") = "조건문", "조건문.csproj", "{BFB4A1FE-0961-4F2E-ABA1-A659ACE4780B}"
EndProject
Global
	GlobalSection(SolutionConfigurationPlatforms) = preSolution
		Debug|Any CPU = Debug|Any CPU
		Release|Any CPU = Release|Any CPU
	EndGlobalSection
	GlobalSection(ProjectConfigurationPlatforms) = postSolution
		{BFB4A1FE-0961-4F2E-ABA1-A659ACE4780B}.Debug|Any CPU.ActiveCfg = Debug|Any CPU
		{BFB4A1FE-0961-4F2E-ABA1-A659ACE4780B}.Debug|Any CPU.Build.0 = Debug|Any CPU
		{BFB4A1FE-0961-4F2E-ABA1-A659ACE4780B}.Release|Any CPU.ActiveCfg = Release|Any CPU
		{BFB4A1FE-0961-4F2E-ABA1-A659ACE4780B}.Release|Any CPU.Build.0 = Release|Any CPU
	EndGlobalSection
	GlobalSection(SolutionProperties) = preSolution
		HideSolutionNode = FALSE
	EndGlobalSection
	GlobalSection(ExtensibilityGlobals) = postSolution
		SolutionGuid = {9EA3464F-B607-498A-9A9D-803896A70265}
	EndGlobalSection
EndGlobal
