
Microsoft Visual Studio Solution File, Format Version 12.00
# Visual Studio Version 17
VisualStudioVersion = 17.13.35828.75 d17.13
MinimumVisualStudioVersion = 10.0.40219.1
Project("{FAE04EC0-301F-11D3-BF4B-00C04F79EFBC}") = "2_Operator", "2_Operator.csproj", "{BD45FE4B-F0A2-4351-89CA-C484988F6344}"
EndProject
Global
	GlobalSection(SolutionConfigurationPlatforms) = preSolution
		Debug|Any CPU = Debug|Any CPU
		Release|Any CPU = Release|Any CPU
	EndGlobalSection
	GlobalSection(ProjectConfigurationPlatforms) = postSolution
		{BD45FE4B-F0A2-4351-89CA-C484988F6344}.Debug|Any CPU.ActiveCfg = Debug|Any CPU
		{BD45FE4B-F0A2-4351-89CA-C484988F6344}.Debug|Any CPU.Build.0 = Debug|Any CPU
		{BD45FE4B-F0A2-4351-89CA-C484988F6344}.Release|Any CPU.ActiveCfg = Release|Any CPU
		{BD45FE4B-F0A2-4351-89CA-C484988F6344}.Release|Any CPU.Build.0 = Release|Any CPU
	EndGlobalSection
	GlobalSection(SolutionProperties) = preSolution
		HideSolutionNode = FALSE
	EndGlobalSection
	GlobalSection(ExtensibilityGlobals) = postSolution
		SolutionGuid = {AB0038F9-8474-4224-9507-64F824EAD640}
	EndGlobalSection
EndGlobal
